
Microsoft Visual Studio Solution File, Format Version 12.00
# Visual Studio Version 16
VisualStudioVersion = 16.0.30413.136
MinimumVisualStudioVersion = 10.0.40219.1
Project("{8BC9CEB8-8B4A-11D0-8D11-00A0C91BC942}") = "PARTICLES", "PARTICLES\PARTICLES.vcxproj", "{91AD2636-F7ED-4AD4-B3CA-0D0C7F4E71B8}"
EndProject
Global
	GlobalSection(SolutionConfigurationPlatforms) = preSolution
		Debug|x64 = Debug|x64
		Debug|x86 = Debug|x86
		Release|x64 = Release|x64
		Release|x86 = Release|x86
	EndGlobalSection
	GlobalSection(ProjectConfigurationPlatforms) = postSolution
		{91AD2636-F7ED-4AD4-B3CA-0D0C7F4E71B8}.Debug|x64.ActiveCfg = Debug|x64
		{91AD2636-F7ED-4AD4-B3CA-0D0C7F4E71B8}.Debug|x64.Build.0 = Debug|x64
		{91AD2636-F7ED-4AD4-B3CA-0D0C7F4E71B8}.Debug|x86.ActiveCfg = Debug|Win32
		{91AD2636-F7ED-4AD4-B3CA-0D0C7F4E71B8}.Debug|x86.Build.0 = Debug|Win32
		{91AD2636-F7ED-4AD4-B3CA-0D0C7F4E71B8}.Release|x64.ActiveCfg = Release|x64
		{91AD2636-F7ED-4AD4-B3CA-0D0C7F4E71B8}.Release|x64.Build.0 = Release|x64
		{91AD2636-F7ED-4AD4-B3CA-0D0C7F4E71B8}.Release|x86.ActiveCfg = Release|Win32
		{91AD2636-F7ED-4AD4-B3CA-0D0C7F4E71B8}.Release|x86.Build.0 = Release|Win32
	EndGlobalSection
	GlobalSection(SolutionProperties) = preSolution
		HideSolutionNode = FALSE
	EndGlobalSection
	GlobalSection(ExtensibilityGlobals) = postSolution
		SolutionGuid = {5157447F-ADA5-4D33-88A4-B63ED716D787}
	EndGlobalSection
EndGlobal
